
Microsoft Visual Studio Solution File, Format Version 12.00
# Visual Studio Version 17
VisualStudioVersion = 17.11.35219.272
MinimumVisualStudioVersion = 10.0.40219.1
Project("{8BC9CEB8-8B4A-11D0-8D11-00A0C91BC942}") = "2d_array", "2d_array\2d_array.vcxproj", "{9D552ED4-72A2-4095-8F3B-CB4556F95380}"
EndProject
Global
	GlobalSection(SolutionConfigurationPlatforms) = preSolution
		Debug|x64 = Debug|x64
		Debug|x86 = Debug|x86
		Release|x64 = Release|x64
		Release|x86 = Release|x86
	EndGlobalSection
	GlobalSection(ProjectConfigurationPlatforms) = postSolution
		{9D552ED4-72A2-4095-8F3B-CB4556F95380}.Debug|x64.ActiveCfg = Debug|x64
		{9D552ED4-72A2-4095-8F3B-CB4556F95380}.Debug|x64.Build.0 = Debug|x64
		{9D552ED4-72A2-4095-8F3B-CB4556F95380}.Debug|x86.ActiveCfg = Debug|Win32
		{9D552ED4-72A2-4095-8F3B-CB4556F95380}.Debug|x86.Build.0 = Debug|Win32
		{9D552ED4-72A2-4095-8F3B-CB4556F95380}.Release|x64.ActiveCfg = Release|x64
		{9D552ED4-72A2-4095-8F3B-CB4556F95380}.Release|x64.Build.0 = Release|x64
		{9D552ED4-72A2-4095-8F3B-CB4556F95380}.Release|x86.ActiveCfg = Release|Win32
		{9D552ED4-72A2-4095-8F3B-CB4556F95380}.Release|x86.Build.0 = Release|Win32
	EndGlobalSection
	GlobalSection(SolutionProperties) = preSolution
		HideSolutionNode = FALSE
	EndGlobalSection
	GlobalSection(ExtensibilityGlobals) = postSolution
		SolutionGuid = {115BEBEE-686E-4083-8D54-F23ABE915F3B}
	EndGlobalSection
EndGlobal
